// !$*UTF8*$!
{
	archiveVersion = 1;
	classes = {
	};
	objectVersion = 50;
	objects = {

/* Begin PBXBuildFile section */
		4660F51E26B15199000D19BE /* MartabakManisApp.swift in Sources */ = {isa = PBXBuildFile; fileRef = 4660F50B26B15198000D19BE /* MartabakManisApp.swift */; };
		4660F51F26B15199000D19BE /* MartabakManisApp.swift in Sources */ = {isa = PBXBuildFile; fileRef = 4660F50B26B15198000D19BE /* MartabakManisApp.swift */; };
		4660F52026B15199000D19BE /* ContentView.swift in Sources */ = {isa = PBXBuildFile; fileRef = 4660F50C26B15198000D19BE /* ContentView.swift */; };
		4660F52126B15199000D19BE /* ContentView.swift in Sources */ = {isa = PBXBuildFile; fileRef = 4660F50C26B15198000D19BE /* ContentView.swift */; };
		4660F52226B15199000D19BE /* Assets.xcassets in Resources */ = {isa = PBXBuildFile; fileRef = 4660F50D26B15199000D19BE /* Assets.xcassets */; };
		4660F52326B15199000D19BE /* Assets.xcassets in Resources */ = {isa = PBXBuildFile; fileRef = 4660F50D26B15199000D19BE /* Assets.xcassets */; };
		4660F52D26B15254000D19BE /* MartabakService.swift in Sources */ = {isa = PBXBuildFile; fileRef = 4660F52C26B15254000D19BE /* MartabakService.swift */; };
		4660F52E26B15254000D19BE /* MartabakService.swift in Sources */ = {isa = PBXBuildFile; fileRef = 4660F52C26B15254000D19BE /* MartabakService.swift */; };
		4660F53126B155E8000D19BE /* MartabakManisError.swift in Sources */ = {isa = PBXBuildFile; fileRef = 4660F53026B155E8000D19BE /* MartabakManisError.swift */; };
		4660F53226B155E8000D19BE /* MartabakManisError.swift in Sources */ = {isa = PBXBuildFile; fileRef = 4660F53026B155E8000D19BE /* MartabakManisError.swift */; };
		4660F53426B15631000D19BE /* Menu.swift in Sources */ = {isa = PBXBuildFile; fileRef = 4660F53326B15631000D19BE /* Menu.swift */; };
		4660F53526B15631000D19BE /* Menu.swift in Sources */ = {isa = PBXBuildFile; fileRef = 4660F53326B15631000D19BE /* Menu.swift */; };
		4660F53926B159F1000D19BE /* MenuListViewModel.swift in Sources */ = {isa = PBXBuildFile; fileRef = 4660F53826B159F1000D19BE /* MenuListViewModel.swift */; };
		4660F53A26B159F1000D19BE /* MenuListViewModel.swift in Sources */ = {isa = PBXBuildFile; fileRef = 4660F53826B159F1000D19BE /* MenuListViewModel.swift */; };
		4660F53C26B1659A000D19BE /* MenuCarouselView.swift in Sources */ = {isa = PBXBuildFile; fileRef = 4660F53B26B1659A000D19BE /* MenuCarouselView.swift */; };
		4660F53D26B1659A000D19BE /* MenuCarouselView.swift in Sources */ = {isa = PBXBuildFile; fileRef = 4660F53B26B1659A000D19BE /* MenuCarouselView.swift */; };
		4660F53F26B16645000D19BE /* MenuCard.swift in Sources */ = {isa = PBXBuildFile; fileRef = 4660F53E26B16645000D19BE /* MenuCard.swift */; };
		4660F54026B16645000D19BE /* MenuCard.swift in Sources */ = {isa = PBXBuildFile; fileRef = 4660F53E26B16645000D19BE /* MenuCard.swift */; };
		4660F54226B16781000D19BE /* MenuListView.swift in Sources */ = {isa = PBXBuildFile; fileRef = 4660F54126B16781000D19BE /* MenuListView.swift */; };
		4660F54326B16781000D19BE /* MenuListView.swift in Sources */ = {isa = PBXBuildFile; fileRef = 4660F54126B16781000D19BE /* MenuListView.swift */; };
		468AE54026B1942B002A8B6B /* Sidebar.swift in Sources */ = {isa = PBXBuildFile; fileRef = 468AE53F26B1942B002A8B6B /* Sidebar.swift */; };
		468AE54226B19ABE002A8B6B /* Category.swift in Sources */ = {isa = PBXBuildFile; fileRef = 468AE54126B19ABE002A8B6B /* Category.swift */; };
		468AE54526B19BF3002A8B6B /* ItemListView.swift in Sources */ = {isa = PBXBuildFile; fileRef = 468AE54426B19BF3002A8B6B /* ItemListView.swift */; };
		468AE54726B1A08B002A8B6B /* MartabakCommand.swift in Sources */ = {isa = PBXBuildFile; fileRef = 468AE54626B1A08B002A8B6B /* MartabakCommand.swift */; };
		46A1C11426B25402000A2163 /* FormView.swift in Sources */ = {isa = PBXBuildFile; fileRef = 46A1C11326B25402000A2163 /* FormView.swift */; };
		46A1C11626B254B3000A2163 /* PickerFormView.swift in Sources */ = {isa = PBXBuildFile; fileRef = 46A1C11526B254B3000A2163 /* PickerFormView.swift */; };
		46A1C11826B26D3A000A2163 /* ImageCacher.swift in Sources */ = {isa = PBXBuildFile; fileRef = 46A1C11726B26D3A000A2163 /* ImageCacher.swift */; };
		46A1C11926B26D3A000A2163 /* ImageCacher.swift in Sources */ = {isa = PBXBuildFile; fileRef = 46A1C11726B26D3A000A2163 /* ImageCacher.swift */; };
/* End PBXBuildFile section */

/* Begin PBXFileReference section */
		4660F50B26B15198000D19BE /* MartabakManisApp.swift */ = {isa = PBXFileReference; lastKnownFileType = sourcecode.swift; path = MartabakManisApp.swift; sourceTree = "<group>"; };
		4660F50C26B15198000D19BE /* ContentView.swift */ = {isa = PBXFileReference; lastKnownFileType = sourcecode.swift; path = ContentView.swift; sourceTree = "<group>"; };
		4660F50D26B15199000D19BE /* Assets.xcassets */ = {isa = PBXFileReference; lastKnownFileType = folder.assetcatalog; path = Assets.xcassets; sourceTree = "<group>"; };
		4660F51226B15199000D19BE /* MartabakManis.app */ = {isa = PBXFileReference; explicitFileType = wrapper.application; includeInIndex = 0; path = MartabakManis.app; sourceTree = BUILT_PRODUCTS_DIR; };
		4660F51526B15199000D19BE /* Info.plist */ = {isa = PBXFileReference; lastKnownFileType = text.plist.xml; path = Info.plist; sourceTree = "<group>"; };
		4660F51A26B15199000D19BE /* MartabakManis.app */ = {isa = PBXFileReference; explicitFileType = wrapper.application; includeInIndex = 0; path = MartabakManis.app; sourceTree = BUILT_PRODUCTS_DIR; };
		4660F51C26B15199000D19BE /* Info.plist */ = {isa = PBXFileReference; lastKnownFileType = text.plist.xml; path = Info.plist; sourceTree = "<group>"; };
		4660F51D26B15199000D19BE /* macOS.entitlements */ = {isa = PBXFileReference; lastKnownFileType = text.plist.entitlements; path = macOS.entitlements; sourceTree = "<group>"; };
		4660F52C26B15254000D19BE /* MartabakService.swift */ = {isa = PBXFileReference; lastKnownFileType = sourcecode.swift; path = MartabakService.swift; sourceTree = "<group>"; };
		4660F53026B155E8000D19BE /* MartabakManisError.swift */ = {isa = PBXFileReference; lastKnownFileType = sourcecode.swift; path = MartabakManisError.swift; sourceTree = "<group>"; };
		4660F53326B15631000D19BE /* Menu.swift */ = {isa = PBXFileReference; lastKnownFileType = sourcecode.swift; path = Menu.swift; sourceTree = "<group>"; };
		4660F53826B159F1000D19BE /* MenuListViewModel.swift */ = {isa = PBXFileReference; lastKnownFileType = sourcecode.swift; path = MenuListViewModel.swift; sourceTree = "<group>"; };
		4660F53B26B1659A000D19BE /* MenuCarouselView.swift */ = {isa = PBXFileReference; lastKnownFileType = sourcecode.swift; path = MenuCarouselView.swift; sourceTree = "<group>"; };
		4660F53E26B16645000D19BE /* MenuCard.swift */ = {isa = PBXFileReference; lastKnownFileType = sourcecode.swift; path = MenuCard.swift; sourceTree = "<group>"; };
		4660F54126B16781000D19BE /* MenuListView.swift */ = {isa = PBXFileReference; lastKnownFileType = sourcecode.swift; path = MenuListView.swift; sourceTree = "<group>"; };
		468AE53F26B1942B002A8B6B /* Sidebar.swift */ = {isa = PBXFileReference; lastKnownFileType = sourcecode.swift; path = Sidebar.swift; sourceTree = "<group>"; };
		468AE54126B19ABE002A8B6B /* Category.swift */ = {isa = PBXFileReference; lastKnownFileType = sourcecode.swift; path = Category.swift; sourceTree = "<group>"; };
		468AE54426B19BF3002A8B6B /* ItemListView.swift */ = {isa = PBXFileReference; lastKnownFileType = sourcecode.swift; path = ItemListView.swift; sourceTree = "<group>"; };
		468AE54626B1A08B002A8B6B /* MartabakCommand.swift */ = {isa = PBXFileReference; lastKnownFileType = sourcecode.swift; path = MartabakCommand.swift; sourceTree = "<group>"; };
		46A1C11326B25402000A2163 /* FormView.swift */ = {isa = PBXFileReference; lastKnownFileType = sourcecode.swift; path = FormView.swift; sourceTree = "<group>"; };
		46A1C11526B254B3000A2163 /* PickerFormView.swift */ = {isa = PBXFileReference; lastKnownFileType = sourcecode.swift; path = PickerFormView.swift; sourceTree = "<group>"; };
		46A1C11726B26D3A000A2163 /* ImageCacher.swift */ = {isa = PBXFileReference; lastKnownFileType = sourcecode.swift; path = ImageCacher.swift; sourceTree = "<group>"; };
/* End PBXFileReference section */

/* Begin PBXFrameworksBuildPhase section */
		4660F50F26B15199000D19BE /* Frameworks */ = {
			isa = PBXFrameworksBuildPhase;
			buildActionMask = 2147483647;
			files = (
			);
			runOnlyForDeploymentPostprocessing = 0;
		};
		4660F51726B15199000D19BE /* Frameworks */ = {
			isa = PBXFrameworksBuildPhase;
			buildActionMask = 2147483647;
			files = (
			);
			runOnlyForDeploymentPostprocessing = 0;
		};
/* End PBXFrameworksBuildPhase section */

/* Begin PBXGroup section */
		4660F50526B15197000D19BE = {
			isa = PBXGroup;
			children = (
				4660F50A26B15198000D19BE /* Shared */,
				4660F51426B15199000D19BE /* iOS */,
				4660F51B26B15199000D19BE /* macOS */,
				4660F51326B15199000D19BE /* Products */,
			);
			sourceTree = "<group>";
		};
		4660F50A26B15198000D19BE /* Shared */ = {
			isa = PBXGroup;
			children = (
				4660F53726B15778000D19BE /* Views */,
				4660F53626B15763000D19BE /* ViewModels */,
				4660F52F26B1559C000D19BE /* Models */,
				4660F50B26B15198000D19BE /* MartabakManisApp.swift */,
				4660F50C26B15198000D19BE /* ContentView.swift */,
				4660F50D26B15199000D19BE /* Assets.xcassets */,
				46A1C11726B26D3A000A2163 /* ImageCacher.swift */,
			);
			path = Shared;
			sourceTree = "<group>";
		};
		4660F51326B15199000D19BE /* Products */ = {
			isa = PBXGroup;
			children = (
				4660F51226B15199000D19BE /* MartabakManis.app */,
				4660F51A26B15199000D19BE /* MartabakManis.app */,
			);
			name = Products;
			sourceTree = "<group>";
		};
		4660F51426B15199000D19BE /* iOS */ = {
			isa = PBXGroup;
			children = (
				4660F51526B15199000D19BE /* Info.plist */,
			);
			path = iOS;
			sourceTree = "<group>";
		};
		4660F51B26B15199000D19BE /* macOS */ = {
			isa = PBXGroup;
			children = (
				468AE54326B19BE3002A8B6B /* Views */,
				4660F51C26B15199000D19BE /* Info.plist */,
				4660F51D26B15199000D19BE /* macOS.entitlements */,
				468AE53F26B1942B002A8B6B /* Sidebar.swift */,
				468AE54626B1A08B002A8B6B /* MartabakCommand.swift */,
			);
			path = macOS;
			sourceTree = "<group>";
		};
		4660F52F26B1559C000D19BE /* Models */ = {
			isa = PBXGroup;
			children = (
				4660F52C26B15254000D19BE /* MartabakService.swift */,
				4660F53026B155E8000D19BE /* MartabakManisError.swift */,
				4660F53326B15631000D19BE /* Menu.swift */,
				468AE54126B19ABE002A8B6B /* Category.swift */,
			);
			path = Models;
			sourceTree = "<group>";
		};
		4660F53626B15763000D19BE /* ViewModels */ = {
			isa = PBXGroup;
			children = (
				4660F53826B159F1000D19BE /* MenuListViewModel.swift */,
			);
			path = ViewModels;
			sourceTree = "<group>";
		};
		4660F53726B15778000D19BE /* Views */ = {
			isa = PBXGroup;
			children = (
				4660F53B26B1659A000D19BE /* MenuCarouselView.swift */,
				4660F53E26B16645000D19BE /* MenuCard.swift */,
				4660F54126B16781000D19BE /* MenuListView.swift */,
			);
			path = Views;
			sourceTree = "<group>";
		};
		468AE54326B19BE3002A8B6B /* Views */ = {
			isa = PBXGroup;
			children = (
				468AE54426B19BF3002A8B6B /* ItemListView.swift */,
				46A1C11326B25402000A2163 /* FormView.swift */,
				46A1C11526B254B3000A2163 /* PickerFormView.swift */,
			);
			path = Views;
			sourceTree = "<group>";
		};
/* End PBXGroup section */

/* Begin PBXNativeTarget section */
		4660F51126B15199000D19BE /* MartabakManis (iOS) */ = {
			isa = PBXNativeTarget;
			buildConfigurationList = 4660F52626B15199000D19BE /* Build configuration list for PBXNativeTarget "MartabakManis (iOS)" */;
			buildPhases = (
				4660F50E26B15199000D19BE /* Sources */,
				4660F50F26B15199000D19BE /* Frameworks */,
				4660F51026B15199000D19BE /* Resources */,
			);
			buildRules = (
			);
			dependencies = (
			);
			name = "MartabakManis (iOS)";
			productName = "MartabakManis (iOS)";
			productReference = 4660F51226B15199000D19BE /* MartabakManis.app */;
			productType = "com.apple.product-type.application";
		};
		4660F51926B15199000D19BE /* MartabakManis (macOS) */ = {
			isa = PBXNativeTarget;
			buildConfigurationList = 4660F52926B15199000D19BE /* Build configuration list for PBXNativeTarget "MartabakManis (macOS)" */;
			buildPhases = (
				4660F51626B15199000D19BE /* Sources */,
				4660F51726B15199000D19BE /* Frameworks */,
				4660F51826B15199000D19BE /* Resources */,
			);
			buildRules = (
			);
			dependencies = (
			);
			name = "MartabakManis (macOS)";
			productName = "MartabakManis (macOS)";
			productReference = 4660F51A26B15199000D19BE /* MartabakManis.app */;
			productType = "com.apple.product-type.application";
		};
/* End PBXNativeTarget section */

/* Begin PBXProject section */
		4660F50626B15197000D19BE /* Project object */ = {
			isa = PBXProject;
			attributes = {
				LastSwiftUpdateCheck = 1250;
				LastUpgradeCheck = 1250;
				TargetAttributes = {
					4660F51126B15199000D19BE = {
						CreatedOnToolsVersion = 12.5.1;
					};
					4660F51926B15199000D19BE = {
						CreatedOnToolsVersion = 12.5.1;
					};
				};
			};
			buildConfigurationList = 4660F50926B15197000D19BE /* Build configuration list for PBXProject "MartabakManis" */;
			compatibilityVersion = "Xcode 9.3";
			developmentRegion = en;
			hasScannedForEncodings = 0;
			knownRegions = (
				en,
				Base,
			);
			mainGroup = 4660F50526B15197000D19BE;
			productRefGroup = 4660F51326B15199000D19BE /* Products */;
			projectDirPath = "";
			projectRoot = "";
			targets = (
				4660F51126B15199000D19BE /* MartabakManis (iOS) */,
				4660F51926B15199000D19BE /* MartabakManis (macOS) */,
			);
		};
/* End PBXProject section */

/* Begin PBXResourcesBuildPhase section */
		4660F51026B15199000D19BE /* Resources */ = {
			isa = PBXResourcesBuildPhase;
			buildActionMask = 2147483647;
			files = (
				4660F52226B15199000D19BE /* Assets.xcassets in Resources */,
			);
			runOnlyForDeploymentPostprocessing = 0;
		};
		4660F51826B15199000D19BE /* Resources */ = {
			isa = PBXResourcesBuildPhase;
			buildActionMask = 2147483647;
			files = (
				4660F52326B15199000D19BE /* Assets.xcassets in Resources */,
			);
			runOnlyForDeploymentPostprocessing = 0;
		};
/* End PBXResourcesBuildPhase section */

/* Begin PBXSourcesBuildPhase section */
		4660F50E26B15199000D19BE /* Sources */ = {
			isa = PBXSourcesBuildPhase;
			buildActionMask = 2147483647;
			files = (
				4660F54226B16781000D19BE /* MenuListView.swift in Sources */,
				4660F53F26B16645000D19BE /* MenuCard.swift in Sources */,
				4660F53126B155E8000D19BE /* MartabakManisError.swift in Sources */,
				4660F52026B15199000D19BE /* ContentView.swift in Sources */,
				4660F53C26B1659A000D19BE /* MenuCarouselView.swift in Sources */,
				4660F52D26B15254000D19BE /* MartabakService.swift in Sources */,
				4660F51E26B15199000D19BE /* MartabakManisApp.swift in Sources */,
				46A1C11826B26D3A000A2163 /* ImageCacher.swift in Sources */,
				4660F53426B15631000D19BE /* Menu.swift in Sources */,
				4660F53926B159F1000D19BE /* MenuListViewModel.swift in Sources */,
			);
			runOnlyForDeploymentPostprocessing = 0;
		};
		4660F51626B15199000D19BE /* Sources */ = {
			isa = PBXSourcesBuildPhase;
			buildActionMask = 2147483647;
			files = (
				468AE54026B1942B002A8B6B /* Sidebar.swift in Sources */,
				4660F54326B16781000D19BE /* MenuListView.swift in Sources */,
				46A1C11426B25402000A2163 /* FormView.swift in Sources */,
				46A1C11626B254B3000A2163 /* PickerFormView.swift in Sources */,
				4660F54026B16645000D19BE /* MenuCard.swift in Sources */,
				46A1C11926B26D3A000A2163 /* ImageCacher.swift in Sources */,
				468AE54726B1A08B002A8B6B /* MartabakCommand.swift in Sources */,
				4660F53226B155E8000D19BE /* MartabakManisError.swift in Sources */,
				4660F52126B15199000D19BE /* ContentView.swift in Sources */,
				4660F53D26B1659A000D19BE /* MenuCarouselView.swift in Sources */,
				4660F52E26B15254000D19BE /* MartabakService.swift in Sources */,
				468AE54526B19BF3002A8B6B /* ItemListView.swift in Sources */,
				4660F51F26B15199000D19BE /* MartabakManisApp.swift in Sources */,
				4660F53526B15631000D19BE /* Menu.swift in Sources */,
				4660F53A26B159F1000D19BE /* MenuListViewModel.swift in Sources */,
				468AE54226B19ABE002A8B6B /* Category.swift in Sources */,
			);
			runOnlyForDeploymentPostprocessing = 0;
		};
/* End PBXSourcesBuildPhase section */

/* Begin XCBuildConfiguration section */
		4660F52426B15199000D19BE /* Debug */ = {
			isa = XCBuildConfiguration;
			buildSettings = {
				ALWAYS_SEARCH_USER_PATHS = NO;
				CLANG_ANALYZER_NONNULL = YES;
				CLANG_ANALYZER_NUMBER_OBJECT_CONVERSION = YES_AGGRESSIVE;
				CLANG_CXX_LANGUAGE_STANDARD = "gnu++14";
				CLANG_CXX_LIBRARY = "libc++";
				CLANG_ENABLE_MODULES = YES;
				CLANG_ENABLE_OBJC_ARC = YES;
				CLANG_ENABLE_OBJC_WEAK = YES;
				CLANG_WARN_BLOCK_CAPTURE_AUTORELEASING = YES;
				CLANG_WARN_BOOL_CONVERSION = YES;
				CLANG_WARN_COMMA = YES;
				CLANG_WARN_CONSTANT_CONVERSION = YES;
				CLANG_WARN_DEPRECATED_OBJC_IMPLEMENTATIONS = YES;
				CLANG_WARN_DIRECT_OBJC_ISA_USAGE = YES_ERROR;
				CLANG_WARN_DOCUMENTATION_COMMENTS = YES;
				CLANG_WARN_EMPTY_BODY = YES;
				CLANG_WARN_ENUM_CONVERSION = YES;
				CLANG_WARN_INFINITE_RECURSION = YES;
				CLANG_WARN_INT_CONVERSION = YES;
				CLANG_WARN_NON_LITERAL_NULL_CONVERSION = YES;
				CLANG_WARN_OBJC_IMPLICIT_RETAIN_SELF = YES;
				CLANG_WARN_OBJC_LITERAL_CONVERSION = YES;
				CLANG_WARN_OBJC_ROOT_CLASS = YES_ERROR;
				CLANG_WARN_QUOTED_INCLUDE_IN_FRAMEWORK_HEADER = YES;
				CLANG_WARN_RANGE_LOOP_ANALYSIS = YES;
				CLANG_WARN_STRICT_PROTOTYPES = YES;
				CLANG_WARN_SUSPICIOUS_MOVE = YES;
				CLANG_WARN_UNGUARDED_AVAILABILITY = YES_AGGRESSIVE;
				CLANG_WARN_UNREACHABLE_CODE = YES;
				CLANG_WARN__DUPLICATE_METHOD_MATCH = YES;
				COPY_PHASE_STRIP = NO;
				DEBUG_INFORMATION_FORMAT = dwarf;
				ENABLE_STRICT_OBJC_MSGSEND = YES;
				ENABLE_TESTABILITY = YES;
				GCC_C_LANGUAGE_STANDARD = gnu11;
				GCC_DYNAMIC_NO_PIC = NO;
				GCC_NO_COMMON_BLOCKS = YES;
				GCC_OPTIMIZATION_LEVEL = 0;
				GCC_PREPROCESSOR_DEFINITIONS = (
					"DEBUG=1",
					"$(inherited)",
				);
				GCC_WARN_64_TO_32_BIT_CONVERSION = YES;
				GCC_WARN_ABOUT_RETURN_TYPE = YES_ERROR;
				GCC_WARN_UNDECLARED_SELECTOR = YES;
				GCC_WARN_UNINITIALIZED_AUTOS = YES_AGGRESSIVE;
				GCC_WARN_UNUSED_FUNCTION = YES;
				GCC_WARN_UNUSED_VARIABLE = YES;
				MTL_ENABLE_DEBUG_INFO = INCLUDE_SOURCE;
				MTL_FAST_MATH = YES;
				ONLY_ACTIVE_ARCH = YES;
				SWIFT_ACTIVE_COMPILATION_CONDITIONS = DEBUG;
				SWIFT_OPTIMIZATION_LEVEL = "-Onone";
			};
			name = Debug;
		};
		4660F52526B15199000D19BE /* Release */ = {
			isa = XCBuildConfiguration;
			buildSettings = {
				ALWAYS_SEARCH_USER_PATHS = NO;
				CLANG_ANALYZER_NONNULL = YES;
				CLANG_ANALYZER_NUMBER_OBJECT_CONVERSION = YES_AGGRESSIVE;
				CLANG_CXX_LANGUAGE_STANDARD = "gnu++14";
				CLANG_CXX_LIBRARY = "libc++";
				CLANG_ENABLE_MODULES = YES;
				CLANG_ENABLE_OBJC_ARC = YES;
				CLANG_ENABLE_OBJC_WEAK = YES;
				CLANG_WARN_BLOCK_CAPTURE_AUTORELEASING = YES;
				CLANG_WARN_BOOL_CONVERSION = YES;
				CLANG_WARN_COMMA = YES;
				CLANG_WARN_CONSTANT_CONVERSION = YES;
				CLANG_WARN_DEPRECATED_OBJC_IMPLEMENTATIONS = YES;
				CLANG_WARN_DIRECT_OBJC_ISA_USAGE = YES_ERROR;
				CLANG_WARN_DOCUMENTATION_COMMENTS = YES;
				CLANG_WARN_EMPTY_BODY = YES;
				CLANG_WARN_ENUM_CONVERSION = YES;
				CLANG_WARN_INFINITE_RECURSION = YES;
				CLANG_WARN_INT_CONVERSION = YES;
				CLANG_WARN_NON_LITERAL_NULL_CONVERSION = YES;
				CLANG_WARN_OBJC_IMPLICIT_RETAIN_SELF = YES;
				CLANG_WARN_OBJC_LITERAL_CONVERSION = YES;
				CLANG_WARN_OBJC_ROOT_CLASS = YES_ERROR;
				CLANG_WARN_QUOTED_INCLUDE_IN_FRAMEWORK_HEADER = YES;
				CLANG_WARN_RANGE_LOOP_ANALYSIS = YES;
				CLANG_WARN_STRICT_PROTOTYPES = YES;
				CLANG_WARN_SUSPICIOUS_MOVE = YES;
				CLANG_WARN_UNGUARDED_AVAILABILITY = YES_AGGRESSIVE;
				CLANG_WARN_UNREACHABLE_CODE = YES;
				CLANG_WARN__DUPLICATE_METHOD_MATCH = YES;
				COPY_PHASE_STRIP = NO;
				DEBUG_INFORMATION_FORMAT = "dwarf-with-dsym";
				ENABLE_NS_ASSERTIONS = NO;
				ENABLE_STRICT_OBJC_MSGSEND = YES;
				GCC_C_LANGUAGE_STANDARD = gnu11;
				GCC_NO_COMMON_BLOCKS = YES;
				GCC_WARN_64_TO_32_BIT_CONVERSION = YES;
				GCC_WARN_ABOUT_RETURN_TYPE = YES_ERROR;
				GCC_WARN_UNDECLARED_SELECTOR = YES;
				GCC_WARN_UNINITIALIZED_AUTOS = YES_AGGRESSIVE;
				GCC_WARN_UNUSED_FUNCTION = YES;
				GCC_WARN_UNUSED_VARIABLE = YES;
				MTL_ENABLE_DEBUG_INFO = NO;
				MTL_FAST_MATH = YES;
				SWIFT_COMPILATION_MODE = wholemodule;
				SWIFT_OPTIMIZATION_LEVEL = "-O";
			};
			name = Release;
		};
		4660F52726B15199000D19BE /* Debug */ = {
			isa = XCBuildConfiguration;
			buildSettings = {
				ASSETCATALOG_COMPILER_APPICON_NAME = AppIcon;
				ASSETCATALOG_COMPILER_GLOBAL_ACCENT_COLOR_NAME = AccentColor;
				CODE_SIGN_STYLE = Automatic;
				DEVELOPMENT_TEAM = GD8VREVBA4;
				ENABLE_PREVIEWS = YES;
				INFOPLIST_FILE = iOS/Info.plist;
				IPHONEOS_DEPLOYMENT_TARGET = 14.0;
				LD_RUNPATH_SEARCH_PATHS = (
					"$(inherited)",
					"@executable_path/Frameworks",
				);
				PRODUCT_BUNDLE_IDENTIFIER = com.davidgun.MartabakManis;
				PRODUCT_NAME = MartabakManis;
				SDKROOT = iphoneos;
				SWIFT_VERSION = 5.0;
				TARGETED_DEVICE_FAMILY = "1,2";
			};
			name = Debug;
		};
		4660F52826B15199000D19BE /* Release */ = {
			isa = XCBuildConfiguration;
			buildSettings = {
				ASSETCATALOG_COMPILER_APPICON_NAME = AppIcon;
				ASSETCATALOG_COMPILER_GLOBAL_ACCENT_COLOR_NAME = AccentColor;
				CODE_SIGN_STYLE = Automatic;
				DEVELOPMENT_TEAM = GD8VREVBA4;
				ENABLE_PREVIEWS = YES;
				INFOPLIST_FILE = iOS/Info.plist;
				IPHONEOS_DEPLOYMENT_TARGET = 14.0;
				LD_RUNPATH_SEARCH_PATHS = (
					"$(inherited)",
					"@executable_path/Frameworks",
				);
				PRODUCT_BUNDLE_IDENTIFIER = com.davidgun.MartabakManis;
				PRODUCT_NAME = MartabakManis;
				SDKROOT = iphoneos;
				SWIFT_VERSION = 5.0;
				TARGETED_DEVICE_FAMILY = "1,2";
				VALIDATE_PRODUCT = YES;
			};
			name = Release;
		};
		4660F52A26B15199000D19BE /* Debug */ = {
			isa = XCBuildConfiguration;
			buildSettings = {
				ASSETCATALOG_COMPILER_APPICON_NAME = AppIcon;
				ASSETCATALOG_COMPILER_GLOBAL_ACCENT_COLOR_NAME = AccentColor;
				CODE_SIGN_ENTITLEMENTS = macOS/macOS.entitlements;
				CODE_SIGN_STYLE = Automatic;
				COMBINE_HIDPI_IMAGES = YES;
				DEVELOPMENT_TEAM = GD8VREVBA4;
				ENABLE_HARDENED_RUNTIME = YES;
				ENABLE_PREVIEWS = YES;
				INFOPLIST_FILE = macOS/Info.plist;
				LD_RUNPATH_SEARCH_PATHS = (
					"$(inherited)",
					"@executable_path/../Frameworks",
				);
				MACOSX_DEPLOYMENT_TARGET = 11.0;
				PRODUCT_BUNDLE_IDENTIFIER = com.davidgun.MartabakManis;
				PRODUCT_NAME = MartabakManis;
				SDKROOT = macosx;
				SWIFT_VERSION = 5.0;
			};
			name = Debug;
		};
		4660F52B26B15199000D19BE /* Release */ = {
			isa = XCBuildConfiguration;
			buildSettings = {
				ASSETCATALOG_COMPILER_APPICON_NAME = AppIcon;
				ASSETCATALOG_COMPILER_GLOBAL_ACCENT_COLOR_NAME = AccentColor;
				CODE_SIGN_ENTITLEMENTS = macOS/macOS.entitlements;
				CODE_SIGN_STYLE = Automatic;
				COMBINE_HIDPI_IMAGES = YES;
				DEVELOPMENT_TEAM = GD8VREVBA4;
				ENABLE_HARDENED_RUNTIME = YES;
				ENABLE_PREVIEWS = YES;
				INFOPLIST_FILE = macOS/Info.plist;
				LD_RUNPATH_SEARCH_PATHS = (
					"$(inherited)",
					"@executable_path/../Frameworks",
				);
				MACOSX_DEPLOYMENT_TARGET = 11.0;
				PRODUCT_BUNDLE_IDENTIFIER = com.davidgun.MartabakManis;
				PRODUCT_NAME = MartabakManis;
				SDKROOT = macosx;
				SWIFT_VERSION = 5.0;
			};
			name = Release;
		};
/* End XCBuildConfiguration section */

/* Begin XCConfigurationList section */
		4660F50926B15197000D19BE /* Build configuration list for PBXProject "MartabakManis" */ = {
			isa = XCConfigurationList;
			buildConfigurations = (
				4660F52426B15199000D19BE /* Debug */,
				4660F52526B15199000D19BE /* Release */,
			);
			defaultConfigurationIsVisible = 0;
			defaultConfigurationName = Release;
		};
		4660F52626B15199000D19BE /* Build configuration list for PBXNativeTarget "MartabakManis (iOS)" */ = {
			isa = XCConfigurationList;
			buildConfigurations = (
				4660F52726B15199000D19BE /* Debug */,
				4660F52826B15199000D19BE /* Release */,
			);
			defaultConfigurationIsVisible = 0;
			defaultConfigurationName = Release;
		};
		4660F52926B15199000D19BE /* Build configuration list for PBXNativeTarget "MartabakManis (macOS)" */ = {
			isa = XCConfigurationList;
			buildConfigurations = (
				4660F52A26B15199000D19BE /* Debug */,
				4660F52B26B15199000D19BE /* Release */,
			);
			defaultConfigurationIsVisible = 0;
			defaultConfigurationName = Release;
		};
/* End XCConfigurationList section */
	};
	rootObject = 4660F50626B15197000D19BE /* Project object */;
}
